// !$*UTF8*$!
{
	archiveVersion = 1;
	classes = {
	};
	objectVersion = 56;
	objects = {

/* Begin PBXBuildFile section */
		C50396712BBD63D200EEC156 /* MovieTableViewCell.swift in Sources */ = {isa = PBXBuildFile; fileRef = C50396702BBD63D200EEC156 /* MovieTableViewCell.swift */; };
		C51ADE112BCBBA4200543125 /* SearchDetailTableViewCell.swift in Sources */ = {isa = PBXBuildFile; fileRef = C51ADE102BCBBA4200543125 /* SearchDetailTableViewCell.swift */; };
		C51ADE132BCBD2E400543125 /* EpisodeTableViewCell.swift in Sources */ = {isa = PBXBuildFile; fileRef = C51ADE122BCBD2E400543125 /* EpisodeTableViewCell.swift */; };
		C56F9B3A2BB807C1002EBA4B /* AppDelegate.swift in Sources */ = {isa = PBXBuildFile; fileRef = C56F9B392BB807C1002EBA4B /* AppDelegate.swift */; };
		C56F9B3C2BB807C1002EBA4B /* SceneDelegate.swift in Sources */ = {isa = PBXBuildFile; fileRef = C56F9B3B2BB807C1002EBA4B /* SceneDelegate.swift */; };
		C56F9B3E2BB807C1002EBA4B /* ViewController.swift in Sources */ = {isa = PBXBuildFile; fileRef = C56F9B3D2BB807C1002EBA4B /* ViewController.swift */; };
		C56F9B412BB807C1002EBA4B /* Main.storyboard in Resources */ = {isa = PBXBuildFile; fileRef = C56F9B3F2BB807C1002EBA4B /* Main.storyboard */; };
		C56F9B432BB807C3002EBA4B /* Assets.xcassets in Resources */ = {isa = PBXBuildFile; fileRef = C56F9B422BB807C3002EBA4B /* Assets.xcassets */; };
		C56F9B462BB807C3002EBA4B /* LaunchScreen.storyboard in Resources */ = {isa = PBXBuildFile; fileRef = C56F9B442BB807C3002EBA4B /* LaunchScreen.storyboard */; };
		C56F9B4E2BB80EBF002EBA4B /* FirstViewController.swift in Sources */ = {isa = PBXBuildFile; fileRef = C56F9B4D2BB80EBF002EBA4B /* FirstViewController.swift */; };
		C56F9B502BB80EE5002EBA4B /* SecondViewController.swift in Sources */ = {isa = PBXBuildFile; fileRef = C56F9B4F2BB80EE5002EBA4B /* SecondViewController.swift */; };
		C56F9B522BB80EFF002EBA4B /* ThirdViewController.swift in Sources */ = {isa = PBXBuildFile; fileRef = C56F9B512BB80EFF002EBA4B /* ThirdViewController.swift */; };
		C56F9B542BB80F17002EBA4B /* FourthViewController.swift in Sources */ = {isa = PBXBuildFile; fileRef = C56F9B532BB80F17002EBA4B /* FourthViewController.swift */; };
		C56F9B562BB80F36002EBA4B /* FifthViewController.swift in Sources */ = {isa = PBXBuildFile; fileRef = C56F9B552BB80F36002EBA4B /* FifthViewController.swift */; };
		C56F9B582BB8318A002EBA4B /* MockData.swift in Sources */ = {isa = PBXBuildFile; fileRef = C56F9B572BB8318A002EBA4B /* MockData.swift */; };
		C56F9B5A2BB8345B002EBA4B /* HomeTableViewCell.swift in Sources */ = {isa = PBXBuildFile; fileRef = C56F9B592BB8345B002EBA4B /* HomeTableViewCell.swift */; };
		C59824262BC299E400039F66 /* MockData2.swift in Sources */ = {isa = PBXBuildFile; fileRef = C59824252BC299E400039F66 /* MockData2.swift */; };
		C59824282BC2B48C00039F66 /* SearchTableViewCell.swift in Sources */ = {isa = PBXBuildFile; fileRef = C59824272BC2B48C00039F66 /* SearchTableViewCell.swift */; };
		C5D0DB1C2BC5551600296F2E /* ComingSoonTableViewCell.swift in Sources */ = {isa = PBXBuildFile; fileRef = C5D0DB1B2BC5551600296F2E /* ComingSoonTableViewCell.swift */; };
		C5D0DB1E2BC555C300296F2E /* MockData3.swift in Sources */ = {isa = PBXBuildFile; fileRef = C5D0DB1D2BC555C300296F2E /* MockData3.swift */; };
		C5DE71F72BCA884700BB3B8F /* SearchDetailModalController.swift in Sources */ = {isa = PBXBuildFile; fileRef = C5DE71F62BCA884700BB3B8F /* SearchDetailModalController.swift */; };
/* End PBXBuildFile section */

/* Begin PBXFileReference section */
		C50396702BBD63D200EEC156 /* MovieTableViewCell.swift */ = {isa = PBXFileReference; lastKnownFileType = sourcecode.swift; path = MovieTableViewCell.swift; sourceTree = "<group>"; };
		C51ADE102BCBBA4200543125 /* SearchDetailTableViewCell.swift */ = {isa = PBXFileReference; lastKnownFileType = sourcecode.swift; path = SearchDetailTableViewCell.swift; sourceTree = "<group>"; };
		C51ADE122BCBD2E400543125 /* EpisodeTableViewCell.swift */ = {isa = PBXFileReference; lastKnownFileType = sourcecode.swift; path = EpisodeTableViewCell.swift; sourceTree = "<group>"; };
		C56F9B362BB807C1002EBA4B /* Netfilx.app */ = {isa = PBXFileReference; explicitFileType = wrapper.application; includeInIndex = 0; path = Netfilx.app; sourceTree = BUILT_PRODUCTS_DIR; };
		C56F9B392BB807C1002EBA4B /* AppDelegate.swift */ = {isa = PBXFileReference; lastKnownFileType = sourcecode.swift; path = AppDelegate.swift; sourceTree = "<group>"; };
		C56F9B3B2BB807C1002EBA4B /* SceneDelegate.swift */ = {isa = PBXFileReference; lastKnownFileType = sourcecode.swift; path = SceneDelegate.swift; sourceTree = "<group>"; };
		C56F9B3D2BB807C1002EBA4B /* ViewController.swift */ = {isa = PBXFileReference; lastKnownFileType = sourcecode.swift; path = ViewController.swift; sourceTree = "<group>"; };
		C56F9B402BB807C1002EBA4B /* Base */ = {isa = PBXFileReference; lastKnownFileType = file.storyboard; name = Base; path = Base.lproj/Main.storyboard; sourceTree = "<group>"; };
		C56F9B422BB807C3002EBA4B /* Assets.xcassets */ = {isa = PBXFileReference; lastKnownFileType = folder.assetcatalog; path = Assets.xcassets; sourceTree = "<group>"; };
		C56F9B452BB807C3002EBA4B /* Base */ = {isa = PBXFileReference; lastKnownFileType = file.storyboard; name = Base; path = Base.lproj/LaunchScreen.storyboard; sourceTree = "<group>"; };
		C56F9B472BB807C3002EBA4B /* Info.plist */ = {isa = PBXFileReference; lastKnownFileType = text.plist.xml; path = Info.plist; sourceTree = "<group>"; };
		C56F9B4D2BB80EBF002EBA4B /* FirstViewController.swift */ = {isa = PBXFileReference; lastKnownFileType = sourcecode.swift; path = FirstViewController.swift; sourceTree = "<group>"; };
		C56F9B4F2BB80EE5002EBA4B /* SecondViewController.swift */ = {isa = PBXFileReference; lastKnownFileType = sourcecode.swift; path = SecondViewController.swift; sourceTree = "<group>"; };
		C56F9B512BB80EFF002EBA4B /* ThirdViewController.swift */ = {isa = PBXFileReference; lastKnownFileType = sourcecode.swift; path = ThirdViewController.swift; sourceTree = "<group>"; };
		C56F9B532BB80F17002EBA4B /* FourthViewController.swift */ = {isa = PBXFileReference; lastKnownFileType = sourcecode.swift; path = FourthViewController.swift; sourceTree = "<group>"; };
		C56F9B552BB80F36002EBA4B /* FifthViewController.swift */ = {isa = PBXFileReference; lastKnownFileType = sourcecode.swift; path = FifthViewController.swift; sourceTree = "<group>"; };
		C56F9B572BB8318A002EBA4B /* MockData.swift */ = {isa = PBXFileReference; lastKnownFileType = sourcecode.swift; path = MockData.swift; sourceTree = "<group>"; };
		C56F9B592BB8345B002EBA4B /* HomeTableViewCell.swift */ = {isa = PBXFileReference; lastKnownFileType = sourcecode.swift; path = HomeTableViewCell.swift; sourceTree = "<group>"; };
		C59824252BC299E400039F66 /* MockData2.swift */ = {isa = PBXFileReference; lastKnownFileType = sourcecode.swift; path = MockData2.swift; sourceTree = "<group>"; };
		C59824272BC2B48C00039F66 /* SearchTableViewCell.swift */ = {isa = PBXFileReference; lastKnownFileType = sourcecode.swift; path = SearchTableViewCell.swift; sourceTree = "<group>"; };
		C5D0DB1B2BC5551600296F2E /* ComingSoonTableViewCell.swift */ = {isa = PBXFileReference; lastKnownFileType = sourcecode.swift; path = ComingSoonTableViewCell.swift; sourceTree = "<group>"; };
		C5D0DB1D2BC555C300296F2E /* MockData3.swift */ = {isa = PBXFileReference; lastKnownFileType = sourcecode.swift; path = MockData3.swift; sourceTree = "<group>"; };
		C5DE71F62BCA884700BB3B8F /* SearchDetailModalController.swift */ = {isa = PBXFileReference; lastKnownFileType = sourcecode.swift; path = SearchDetailModalController.swift; sourceTree = "<group>"; };
/* End PBXFileReference section */

/* Begin PBXFrameworksBuildPhase section */
		C56F9B332BB807C1002EBA4B /* Frameworks */ = {
			isa = PBXFrameworksBuildPhase;
			buildActionMask = 2147483647;
			files = (
			);
			runOnlyForDeploymentPostprocessing = 0;
		};
/* End PBXFrameworksBuildPhase section */

/* Begin PBXGroup section */
		C56F9B2D2BB807C1002EBA4B = {
			isa = PBXGroup;
			children = (
				C56F9B382BB807C1002EBA4B /* Netfilx */,
				C56F9B372BB807C1002EBA4B /* Products */,
			);
			sourceTree = "<group>";
		};
		C56F9B372BB807C1002EBA4B /* Products */ = {
			isa = PBXGroup;
			children = (
				C56F9B362BB807C1002EBA4B /* Netfilx.app */,
			);
			name = Products;
			sourceTree = "<group>";
		};
		C56F9B382BB807C1002EBA4B /* Netfilx */ = {
			isa = PBXGroup;
			children = (
				C56F9B392BB807C1002EBA4B /* AppDelegate.swift */,
				C56F9B3B2BB807C1002EBA4B /* SceneDelegate.swift */,
				C56F9B3F2BB807C1002EBA4B /* Main.storyboard */,
				C56F9B422BB807C3002EBA4B /* Assets.xcassets */,
				C56F9B442BB807C3002EBA4B /* LaunchScreen.storyboard */,
				C56F9B472BB807C3002EBA4B /* Info.plist */,
				C5B806DB2BCAC6DE00EC87D8 /* Model */,
				C5B806DD2BCAC78A00EC87D8 /* View */,
				C5B806DC2BCAC74E00EC87D8 /* Controller */,
			);
			path = Netfilx;
			sourceTree = "<group>";
		};
		C5B806DB2BCAC6DE00EC87D8 /* Model */ = {
			isa = PBXGroup;
			children = (
				C5D0DB1D2BC555C300296F2E /* MockData3.swift */,
				C59824252BC299E400039F66 /* MockData2.swift */,
				C56F9B572BB8318A002EBA4B /* MockData.swift */,
			);
			path = Model;
			sourceTree = "<group>";
		};
		C5B806DC2BCAC74E00EC87D8 /* Controller */ = {
			isa = PBXGroup;
			children = (
				C56F9B3D2BB807C1002EBA4B /* ViewController.swift */,
				C5DE71F62BCA884700BB3B8F /* SearchDetailModalController.swift */,
				C56F9B4D2BB80EBF002EBA4B /* FirstViewController.swift */,
				C56F9B4F2BB80EE5002EBA4B /* SecondViewController.swift */,
				C56F9B512BB80EFF002EBA4B /* ThirdViewController.swift */,
				C56F9B532BB80F17002EBA4B /* FourthViewController.swift */,
				C56F9B552BB80F36002EBA4B /* FifthViewController.swift */,
			);
			path = Controller;
			sourceTree = "<group>";
		};
		C5B806DD2BCAC78A00EC87D8 /* View */ = {
			isa = PBXGroup;
			children = (
				C5D0DB1B2BC5551600296F2E /* ComingSoonTableViewCell.swift */,
				C59824272BC2B48C00039F66 /* SearchTableViewCell.swift */,
				C50396702BBD63D200EEC156 /* MovieTableViewCell.swift */,
				C56F9B592BB8345B002EBA4B /* HomeTableViewCell.swift */,
				C51ADE102BCBBA4200543125 /* SearchDetailTableViewCell.swift */,
				C51ADE122BCBD2E400543125 /* EpisodeTableViewCell.swift */,
			);
			path = View;
			sourceTree = "<group>";
		};
/* End PBXGroup section */

/* Begin PBXNativeTarget section */
		C56F9B352BB807C1002EBA4B /* Netfilx */ = {
			isa = PBXNativeTarget;
			buildConfigurationList = C56F9B4A2BB807C3002EBA4B /* Build configuration list for PBXNativeTarget "Netfilx" */;
			buildPhases = (
				C56F9B322BB807C1002EBA4B /* Sources */,
				C56F9B332BB807C1002EBA4B /* Frameworks */,
				C56F9B342BB807C1002EBA4B /* Resources */,
			);
			buildRules = (
			);
			dependencies = (
			);
			name = Netfilx;
			productName = Netfilx;
			productReference = C56F9B362BB807C1002EBA4B /* Netfilx.app */;
			productType = "com.apple.product-type.application";
		};
/* End PBXNativeTarget section */

/* Begin PBXProject section */
		C56F9B2E2BB807C1002EBA4B /* Project object */ = {
			isa = PBXProject;
			attributes = {
				BuildIndependentTargetsInParallel = 1;
				LastSwiftUpdateCheck = 1500;
				LastUpgradeCheck = 1500;
				TargetAttributes = {
					C56F9B352BB807C1002EBA4B = {
						CreatedOnToolsVersion = 15.0;
					};
				};
			};
			buildConfigurationList = C56F9B312BB807C1002EBA4B /* Build configuration list for PBXProject "Netfilx" */;
			compatibilityVersion = "Xcode 14.0";
			developmentRegion = en;
			hasScannedForEncodings = 0;
			knownRegions = (
				en,
				Base,
			);
			mainGroup = C56F9B2D2BB807C1002EBA4B;
			productRefGroup = C56F9B372BB807C1002EBA4B /* Products */;
			projectDirPath = "";
			projectRoot = "";
			targets = (
				C56F9B352BB807C1002EBA4B /* Netfilx */,
			);
		};
/* End PBXProject section */

/* Begin PBXResourcesBuildPhase section */
		C56F9B342BB807C1002EBA4B /* Resources */ = {
			isa = PBXResourcesBuildPhase;
			buildActionMask = 2147483647;
			files = (
				C56F9B462BB807C3002EBA4B /* LaunchScreen.storyboard in Resources */,
				C56F9B432BB807C3002EBA4B /* Assets.xcassets in Resources */,
				C56F9B412BB807C1002EBA4B /* Main.storyboard in Resources */,
			);
			runOnlyForDeploymentPostprocessing = 0;
		};
/* End PBXResourcesBuildPhase section */

/* Begin PBXSourcesBuildPhase section */
		C56F9B322BB807C1002EBA4B /* Sources */ = {
			isa = PBXSourcesBuildPhase;
			buildActionMask = 2147483647;
			files = (
				C56F9B582BB8318A002EBA4B /* MockData.swift in Sources */,
				C56F9B3E2BB807C1002EBA4B /* ViewController.swift in Sources */,
				C56F9B3A2BB807C1002EBA4B /* AppDelegate.swift in Sources */,
				C56F9B3C2BB807C1002EBA4B /* SceneDelegate.swift in Sources */,
				C5DE71F72BCA884700BB3B8F /* SearchDetailModalController.swift in Sources */,
				C56F9B5A2BB8345B002EBA4B /* HomeTableViewCell.swift in Sources */,
				C5D0DB1E2BC555C300296F2E /* MockData3.swift in Sources */,
				C56F9B542BB80F17002EBA4B /* FourthViewController.swift in Sources */,
				C56F9B562BB80F36002EBA4B /* FifthViewController.swift in Sources */,
				C51ADE132BCBD2E400543125 /* EpisodeTableViewCell.swift in Sources */,
				C56F9B502BB80EE5002EBA4B /* SecondViewController.swift in Sources */,
				C59824282BC2B48C00039F66 /* SearchTableViewCell.swift in Sources */,
				C5D0DB1C2BC5551600296F2E /* ComingSoonTableViewCell.swift in Sources */,
				C59824262BC299E400039F66 /* MockData2.swift in Sources */,
				C56F9B522BB80EFF002EBA4B /* ThirdViewController.swift in Sources */,
				C51ADE112BCBBA4200543125 /* SearchDetailTableViewCell.swift in Sources */,
				C50396712BBD63D200EEC156 /* MovieTableViewCell.swift in Sources */,
				C56F9B4E2BB80EBF002EBA4B /* FirstViewController.swift in Sources */,
			);
			runOnlyForDeploymentPostprocessing = 0;
		};
/* End PBXSourcesBuildPhase section */

/* Begin PBXVariantGroup section */
		C56F9B3F2BB807C1002EBA4B /* Main.storyboard */ = {
			isa = PBXVariantGroup;
			children = (
				C56F9B402BB807C1002EBA4B /* Base */,
			);
			name = Main.storyboard;
			sourceTree = "<group>";
		};
		C56F9B442BB807C3002EBA4B /* LaunchScreen.storyboard */ = {
			isa = PBXVariantGroup;
			children = (
				C56F9B452BB807C3002EBA4B /* Base */,
			);
			name = LaunchScreen.storyboard;
			sourceTree = "<group>";
		};
/* End PBXVariantGroup section */

/* Begin XCBuildConfiguration section */
		C56F9B482BB807C3002EBA4B /* Debug */ = {
			isa = XCBuildConfiguration;
			buildSettings = {
				ALWAYS_SEARCH_USER_PATHS = NO;
				ASSETCATALOG_COMPILER_GENERATE_SWIFT_ASSET_SYMBOL_EXTENSIONS = YES;
				CLANG_ANALYZER_NONNULL = YES;
				CLANG_ANALYZER_NUMBER_OBJECT_CONVERSION = YES_AGGRESSIVE;
				CLANG_CXX_LANGUAGE_STANDARD = "gnu++20";
				CLANG_ENABLE_MODULES = YES;
				CLANG_ENABLE_OBJC_ARC = YES;
				CLANG_ENABLE_OBJC_WEAK = YES;
				CLANG_WARN_BLOCK_CAPTURE_AUTORELEASING = YES;
				CLANG_WARN_BOOL_CONVERSION = YES;
				CLANG_WARN_COMMA = YES;
				CLANG_WARN_CONSTANT_CONVERSION = YES;
				CLANG_WARN_DEPRECATED_OBJC_IMPLEMENTATIONS = YES;
				CLANG_WARN_DIRECT_OBJC_ISA_USAGE = YES_ERROR;
				CLANG_WARN_DOCUMENTATION_COMMENTS = YES;
				CLANG_WARN_EMPTY_BODY = YES;
				CLANG_WARN_ENUM_CONVERSION = YES;
				CLANG_WARN_INFINITE_RECURSION = YES;
				CLANG_WARN_INT_CONVERSION = YES;
				CLANG_WARN_NON_LITERAL_NULL_CONVERSION = YES;
				CLANG_WARN_OBJC_IMPLICIT_RETAIN_SELF = YES;
				CLANG_WARN_OBJC_LITERAL_CONVERSION = YES;
				CLANG_WARN_OBJC_ROOT_CLASS = YES_ERROR;
				CLANG_WARN_QUOTED_INCLUDE_IN_FRAMEWORK_HEADER = YES;
				CLANG_WARN_RANGE_LOOP_ANALYSIS = YES;
				CLANG_WARN_STRICT_PROTOTYPES = YES;
				CLANG_WARN_SUSPICIOUS_MOVE = YES;
				CLANG_WARN_UNGUARDED_AVAILABILITY = YES_AGGRESSIVE;
				CLANG_WARN_UNREACHABLE_CODE = YES;
				CLANG_WARN__DUPLICATE_METHOD_MATCH = YES;
				COPY_PHASE_STRIP = NO;
				DEBUG_INFORMATION_FORMAT = dwarf;
				ENABLE_STRICT_OBJC_MSGSEND = YES;
				ENABLE_TESTABILITY = YES;
				ENABLE_USER_SCRIPT_SANDBOXING = YES;
				GCC_C_LANGUAGE_STANDARD = gnu17;
				GCC_DYNAMIC_NO_PIC = NO;
				GCC_NO_COMMON_BLOCKS = YES;
				GCC_OPTIMIZATION_LEVEL = 0;
				GCC_PREPROCESSOR_DEFINITIONS = (
					"DEBUG=1",
					"$(inherited)",
				);
				GCC_WARN_64_TO_32_BIT_CONVERSION = YES;
				GCC_WARN_ABOUT_RETURN_TYPE = YES_ERROR;
				GCC_WARN_UNDECLARED_SELECTOR = YES;
				GCC_WARN_UNINITIALIZED_AUTOS = YES_AGGRESSIVE;
				GCC_WARN_UNUSED_FUNCTION = YES;
				GCC_WARN_UNUSED_VARIABLE = YES;
				IPHONEOS_DEPLOYMENT_TARGET = 17.0;
				LOCALIZATION_PREFERS_STRING_CATALOGS = YES;
				MTL_ENABLE_DEBUG_INFO = INCLUDE_SOURCE;
				MTL_FAST_MATH = YES;
				ONLY_ACTIVE_ARCH = YES;
				SDKROOT = iphoneos;
				SWIFT_ACTIVE_COMPILATION_CONDITIONS = "DEBUG $(inherited)";
				SWIFT_OPTIMIZATION_LEVEL = "-Onone";
			};
			name = Debug;
		};
		C56F9B492BB807C3002EBA4B /* Release */ = {
			isa = XCBuildConfiguration;
			buildSettings = {
				ALWAYS_SEARCH_USER_PATHS = NO;
				ASSETCATALOG_COMPILER_GENERATE_SWIFT_ASSET_SYMBOL_EXTENSIONS = YES;
				CLANG_ANALYZER_NONNULL = YES;
				CLANG_ANALYZER_NUMBER_OBJECT_CONVERSION = YES_AGGRESSIVE;
				CLANG_CXX_LANGUAGE_STANDARD = "gnu++20";
				CLANG_ENABLE_MODULES = YES;
				CLANG_ENABLE_OBJC_ARC = YES;
				CLANG_ENABLE_OBJC_WEAK = YES;
				CLANG_WARN_BLOCK_CAPTURE_AUTORELEASING = YES;
				CLANG_WARN_BOOL_CONVERSION = YES;
				CLANG_WARN_COMMA = YES;
				CLANG_WARN_CONSTANT_CONVERSION = YES;
				CLANG_WARN_DEPRECATED_OBJC_IMPLEMENTATIONS = YES;
				CLANG_WARN_DIRECT_OBJC_ISA_USAGE = YES_ERROR;
				CLANG_WARN_DOCUMENTATION_COMMENTS = YES;
				CLANG_WARN_EMPTY_BODY = YES;
				CLANG_WARN_ENUM_CONVERSION = YES;
				CLANG_WARN_INFINITE_RECURSION = YES;
				CLANG_WARN_INT_CONVERSION = YES;
				CLANG_WARN_NON_LITERAL_NULL_CONVERSION = YES;
				CLANG_WARN_OBJC_IMPLICIT_RETAIN_SELF = YES;
				CLANG_WARN_OBJC_LITERAL_CONVERSION = YES;
				CLANG_WARN_OBJC_ROOT_CLASS = YES_ERROR;
				CLANG_WARN_QUOTED_INCLUDE_IN_FRAMEWORK_HEADER = YES;
				CLANG_WARN_RANGE_LOOP_ANALYSIS = YES;
				CLANG_WARN_STRICT_PROTOTYPES = YES;
				CLANG_WARN_SUSPICIOUS_MOVE = YES;
				CLANG_WARN_UNGUARDED_AVAILABILITY = YES_AGGRESSIVE;
				CLANG_WARN_UNREACHABLE_CODE = YES;
				CLANG_WARN__DUPLICATE_METHOD_MATCH = YES;
				COPY_PHASE_STRIP = NO;
				DEBUG_INFORMATION_FORMAT = "dwarf-with-dsym";
				ENABLE_NS_ASSERTIONS = NO;
				ENABLE_STRICT_OBJC_MSGSEND = YES;
				ENABLE_USER_SCRIPT_SANDBOXING = YES;
				GCC_C_LANGUAGE_STANDARD = gnu17;
				GCC_NO_COMMON_BLOCKS = YES;
				GCC_WARN_64_TO_32_BIT_CONVERSION = YES;
				GCC_WARN_ABOUT_RETURN_TYPE = YES_ERROR;
				GCC_WARN_UNDECLARED_SELECTOR = YES;
				GCC_WARN_UNINITIALIZED_AUTOS = YES_AGGRESSIVE;
				GCC_WARN_UNUSED_FUNCTION = YES;
				GCC_WARN_UNUSED_VARIABLE = YES;
				IPHONEOS_DEPLOYMENT_TARGET = 17.0;
				LOCALIZATION_PREFERS_STRING_CATALOGS = YES;
				MTL_ENABLE_DEBUG_INFO = NO;
				MTL_FAST_MATH = YES;
				SDKROOT = iphoneos;
				SWIFT_COMPILATION_MODE = wholemodule;
				VALIDATE_PRODUCT = YES;
			};
			name = Release;
		};
		C56F9B4B2BB807C3002EBA4B /* Debug */ = {
			isa = XCBuildConfiguration;
			buildSettings = {
				ASSETCATALOG_COMPILER_APPICON_NAME = AppIcon;
				ASSETCATALOG_COMPILER_GLOBAL_ACCENT_COLOR_NAME = AccentColor;
				CODE_SIGN_STYLE = Automatic;
				CURRENT_PROJECT_VERSION = 1;
				GENERATE_INFOPLIST_FILE = YES;
				INFOPLIST_FILE = Netfilx/Info.plist;
				INFOPLIST_KEY_UIApplicationSupportsIndirectInputEvents = YES;
				INFOPLIST_KEY_UILaunchStoryboardName = LaunchScreen;
				INFOPLIST_KEY_UIMainStoryboardFile = Main;
				INFOPLIST_KEY_UISupportedInterfaceOrientations_iPad = "UIInterfaceOrientationPortrait UIInterfaceOrientationPortraitUpsideDown UIInterfaceOrientationLandscapeLeft UIInterfaceOrientationLandscapeRight";
				INFOPLIST_KEY_UISupportedInterfaceOrientations_iPhone = "UIInterfaceOrientationPortrait UIInterfaceOrientationLandscapeLeft UIInterfaceOrientationLandscapeRight";
				LD_RUNPATH_SEARCH_PATHS = (
					"$(inherited)",
					"@executable_path/Frameworks",
				);
				MARKETING_VERSION = 1.0;
				PRODUCT_BUNDLE_IDENTIFIER = "Yewon-Kim.Netfilx";
				PRODUCT_NAME = "$(TARGET_NAME)";
				SWIFT_EMIT_LOC_STRINGS = YES;
				SWIFT_VERSION = 5.0;
				TARGETED_DEVICE_FAMILY = "1,2";
			};
			name = Debug;
		};
		C56F9B4C2BB807C3002EBA4B /* Release */ = {
			isa = XCBuildConfiguration;
			buildSettings = {
				ASSETCATALOG_COMPILER_APPICON_NAME = AppIcon;
				ASSETCATALOG_COMPILER_GLOBAL_ACCENT_COLOR_NAME = AccentColor;
				CODE_SIGN_STYLE = Automatic;
				CURRENT_PROJECT_VERSION = 1;
				GENERATE_INFOPLIST_FILE = YES;
				INFOPLIST_FILE = Netfilx/Info.plist;
				INFOPLIST_KEY_UIApplicationSupportsIndirectInputEvents = YES;
				INFOPLIST_KEY_UILaunchStoryboardName = LaunchScreen;
				INFOPLIST_KEY_UIMainStoryboardFile = Main;
				INFOPLIST_KEY_UISupportedInterfaceOrientations_iPad = "UIInterfaceOrientationPortrait UIInterfaceOrientationPortraitUpsideDown UIInterfaceOrientationLandscapeLeft UIInterfaceOrientationLandscapeRight";
				INFOPLIST_KEY_UISupportedInterfaceOrientations_iPhone = "UIInterfaceOrientationPortrait UIInterfaceOrientationLandscapeLeft UIInterfaceOrientationLandscapeRight";
				LD_RUNPATH_SEARCH_PATHS = (
					"$(inherited)",
					"@executable_path/Frameworks",
				);
				MARKETING_VERSION = 1.0;
				PRODUCT_BUNDLE_IDENTIFIER = "Yewon-Kim.Netfilx";
				PRODUCT_NAME = "$(TARGET_NAME)";
				SWIFT_EMIT_LOC_STRINGS = YES;
				SWIFT_VERSION = 5.0;
				TARGETED_DEVICE_FAMILY = "1,2";
			};
			name = Release;
		};
/* End XCBuildConfiguration section */

/* Begin XCConfigurationList section */
		C56F9B312BB807C1002EBA4B /* Build configuration list for PBXProject "Netfilx" */ = {
			isa = XCConfigurationList;
			buildConfigurations = (
				C56F9B482BB807C3002EBA4B /* Debug */,
				C56F9B492BB807C3002EBA4B /* Release */,
			);
			defaultConfigurationIsVisible = 0;
			defaultConfigurationName = Release;
		};
		C56F9B4A2BB807C3002EBA4B /* Build configuration list for PBXNativeTarget "Netfilx" */ = {
			isa = XCConfigurationList;
			buildConfigurations = (
				C56F9B4B2BB807C3002EBA4B /* Debug */,
				C56F9B4C2BB807C3002EBA4B /* Release */,
			);
			defaultConfigurationIsVisible = 0;
			defaultConfigurationName = Release;
		};
/* End XCConfigurationList section */
	};
	rootObject = C56F9B2E2BB807C1002EBA4B /* Project object */;
}
